// !$*UTF8*$!
{
	archiveVersion = 1;
	classes = {
	};
	objectVersion = 48;
	objects = {

/* Begin PBXBuildFile section */
		8888D762202B81980053D991 /* MapViewController.swift in Sources */ = {isa = PBXBuildFile; fileRef = 8888D761202B81980053D991 /* MapViewController.swift */; };
		889EFCAA201284FA00289DEF /* AppDelegate.swift in Sources */ = {isa = PBXBuildFile; fileRef = 889EFCA9201284FA00289DEF /* AppDelegate.swift */; };
		889EFCAC201284FA00289DEF /* ViewController.swift in Sources */ = {isa = PBXBuildFile; fileRef = 889EFCAB201284FA00289DEF /* ViewController.swift */; };
		889EFCAF201284FA00289DEF /* Main.storyboard in Resources */ = {isa = PBXBuildFile; fileRef = 889EFCAD201284FA00289DEF /* Main.storyboard */; };
		889EFCB1201284FA00289DEF /* Assets.xcassets in Resources */ = {isa = PBXBuildFile; fileRef = 889EFCB0201284FA00289DEF /* Assets.xcassets */; };
		889EFCB4201284FA00289DEF /* LaunchScreen.storyboard in Resources */ = {isa = PBXBuildFile; fileRef = 889EFCB2201284FA00289DEF /* LaunchScreen.storyboard */; };
		889EFCBC2012875E00289DEF /* SignalStrength.swift in Sources */ = {isa = PBXBuildFile; fileRef = 889EFCBB2012875E00289DEF /* SignalStrength.swift */; };
		889EFCBF2012BE4B00289DEF /* LineChartCustom.swift in Sources */ = {isa = PBXBuildFile; fileRef = 889EFCBE2012BE4B00289DEF /* LineChartCustom.swift */; };
		889EFCC12012C7C500289DEF /* SignalObservation.swift in Sources */ = {isa = PBXBuildFile; fileRef = 889EFCC02012C7C500289DEF /* SignalObservation.swift */; };
		889EFCC32016513C00289DEF /* LocationManager.swift in Sources */ = {isa = PBXBuildFile; fileRef = 889EFCC22016513C00289DEF /* LocationManager.swift */; };
		889EFCC520165DF200289DEF /* SqliteManager.swift in Sources */ = {isa = PBXBuildFile; fileRef = 889EFCC420165DF200289DEF /* SqliteManager.swift */; };
		889EFCC920165FB800289DEF /* SignalObservation.xcdatamodeld in Sources */ = {isa = PBXBuildFile; fileRef = 889EFCC720165FB800289DEF /* SignalObservation.xcdatamodeld */; };
		889EFCCD2016ADFF00289DEF /* Editor.swift in Sources */ = {isa = PBXBuildFile; fileRef = 889EFCCC2016ADFF00289DEF /* Editor.swift */; };
		889EFCCF2016B3AE00289DEF /* Rechability.swift in Sources */ = {isa = PBXBuildFile; fileRef = 889EFCCE2016B3AE00289DEF /* Rechability.swift */; };
		889EFCD62017A5BD00289DEF /* DeviceInformation.swift in Sources */ = {isa = PBXBuildFile; fileRef = 889EFCD52017A5BD00289DEF /* DeviceInformation.swift */; };
		889EFCD82017FC8C00289DEF /* CustomNotification.swift in Sources */ = {isa = PBXBuildFile; fileRef = 889EFCD72017FC8C00289DEF /* CustomNotification.swift */; };
		889EFCDA201800C300289DEF /* VNTankView.swift in Sources */ = {isa = PBXBuildFile; fileRef = 889EFCD9201800C300289DEF /* VNTankView.swift */; };
		889EFCDC201802C700289DEF /* VNTankView.xib in Resources */ = {isa = PBXBuildFile; fileRef = 889EFCDB201802C700289DEF /* VNTankView.xib */; };
		889EFCDE2019423300289DEF /* Settings.bundle in Resources */ = {isa = PBXBuildFile; fileRef = 889EFCDD2019423300289DEF /* Settings.bundle */; };
		889EFCE0201948A200289DEF /* SettingsBundleHelper.swift in Sources */ = {isa = PBXBuildFile; fileRef = 889EFCDF201948A200289DEF /* SettingsBundleHelper.swift */; };
		88BD00E92025107E000317EC /* MemoryObservation.swift in Sources */ = {isa = PBXBuildFile; fileRef = 88BD00E82025107E000317EC /* MemoryObservation.swift */; };
		88BD00EB20251731000317EC /* DatabaseManagerProtocol.swift in Sources */ = {isa = PBXBuildFile; fileRef = 88BD00EA20251731000317EC /* DatabaseManagerProtocol.swift */; };
		88BD00ED20252BA8000317EC /* Test.swift in Sources */ = {isa = PBXBuildFile; fileRef = 88BD00EC20252BA8000317EC /* Test.swift */; };
		88BD00EF2028EA45000317EC /* UnsentFeaturesManager.swift in Sources */ = {isa = PBXBuildFile; fileRef = 88BD00EE2028EA45000317EC /* UnsentFeaturesManager.swift */; };
		88F7EBE8201BBE9000C9BD5F /* Crashlytics.framework in Frameworks */ = {isa = PBXBuildFile; fileRef = 88F7EBE6201BBE9000C9BD5F /* Crashlytics.framework */; };
		88F7EBE9201BBE9000C9BD5F /* Fabric.framework in Frameworks */ = {isa = PBXBuildFile; fileRef = 88F7EBE7201BBE9000C9BD5F /* Fabric.framework */; };
		88F7EBEC20213EEA00C9BD5F /* ArcGIS.bundle in Resources */ = {isa = PBXBuildFile; fileRef = 88F7EBEB20213EE900C9BD5F /* ArcGIS.bundle */; };
		88F7EBEE2022235600C9BD5F /* OfflineFeaturesSender.swift in Sources */ = {isa = PBXBuildFile; fileRef = 88F7EBED2022235600C9BD5F /* OfflineFeaturesSender.swift */; };
		88F7EBF0202268F500C9BD5F /* FeatureServiceEditor.swift in Sources */ = {isa = PBXBuildFile; fileRef = 88F7EBEF202268F500C9BD5F /* FeatureServiceEditor.swift */; };
/* End PBXBuildFile section */

/* Begin PBXFileReference section */
		8888D761202B81980053D991 /* MapViewController.swift */ = {isa = PBXFileReference; lastKnownFileType = sourcecode.swift; path = MapViewController.swift; sourceTree = "<group>"; };
		889EFCA6201284FA00289DEF /* CellSignal.app */ = {isa = PBXFileReference; explicitFileType = wrapper.application; includeInIndex = 0; path = CellSignal.app; sourceTree = BUILT_PRODUCTS_DIR; };
		889EFCA9201284FA00289DEF /* AppDelegate.swift */ = {isa = PBXFileReference; lastKnownFileType = sourcecode.swift; path = AppDelegate.swift; sourceTree = "<group>"; };
		889EFCAB201284FA00289DEF /* ViewController.swift */ = {isa = PBXFileReference; lastKnownFileType = sourcecode.swift; path = ViewController.swift; sourceTree = "<group>"; };
		889EFCAE201284FA00289DEF /* Base */ = {isa = PBXFileReference; lastKnownFileType = file.storyboard; name = Base; path = Base.lproj/Main.storyboard; sourceTree = "<group>"; };
		889EFCB0201284FA00289DEF /* Assets.xcassets */ = {isa = PBXFileReference; lastKnownFileType = folder.assetcatalog; path = Assets.xcassets; sourceTree = "<group>"; };
		889EFCB3201284FA00289DEF /* Base */ = {isa = PBXFileReference; lastKnownFileType = file.storyboard; name = Base; path = Base.lproj/LaunchScreen.storyboard; sourceTree = "<group>"; };
		889EFCB5201284FA00289DEF /* Info.plist */ = {isa = PBXFileReference; lastKnownFileType = text.plist.xml; path = Info.plist; sourceTree = "<group>"; };
		889EFCBB2012875E00289DEF /* SignalStrength.swift */ = {isa = PBXFileReference; lastKnownFileType = sourcecode.swift; path = SignalStrength.swift; sourceTree = "<group>"; };
		889EFCBE2012BE4B00289DEF /* LineChartCustom.swift */ = {isa = PBXFileReference; fileEncoding = 4; lastKnownFileType = sourcecode.swift; path = LineChartCustom.swift; sourceTree = "<group>"; };
		889EFCC02012C7C500289DEF /* SignalObservation.swift */ = {isa = PBXFileReference; lastKnownFileType = sourcecode.swift; path = SignalObservation.swift; sourceTree = "<group>"; };
		889EFCC22016513C00289DEF /* LocationManager.swift */ = {isa = PBXFileReference; lastKnownFileType = sourcecode.swift; path = LocationManager.swift; sourceTree = "<group>"; };
		889EFCC420165DF200289DEF /* SqliteManager.swift */ = {isa = PBXFileReference; lastKnownFileType = sourcecode.swift; path = SqliteManager.swift; sourceTree = "<group>"; };
		889EFCC820165FB800289DEF /* SignalObservation.xcdatamodel */ = {isa = PBXFileReference; lastKnownFileType = wrapper.xcdatamodel; path = SignalObservation.xcdatamodel; sourceTree = "<group>"; };
		889EFCCC2016ADFF00289DEF /* Editor.swift */ = {isa = PBXFileReference; lastKnownFileType = sourcecode.swift; path = Editor.swift; sourceTree = "<group>"; };
		889EFCCE2016B3AE00289DEF /* Rechability.swift */ = {isa = PBXFileReference; lastKnownFileType = sourcecode.swift; path = Rechability.swift; sourceTree = "<group>"; };
		889EFCD52017A5BD00289DEF /* DeviceInformation.swift */ = {isa = PBXFileReference; lastKnownFileType = sourcecode.swift; path = DeviceInformation.swift; sourceTree = "<group>"; };
		889EFCD72017FC8C00289DEF /* CustomNotification.swift */ = {isa = PBXFileReference; lastKnownFileType = sourcecode.swift; path = CustomNotification.swift; sourceTree = "<group>"; };
		889EFCD9201800C300289DEF /* VNTankView.swift */ = {isa = PBXFileReference; lastKnownFileType = sourcecode.swift; path = VNTankView.swift; sourceTree = "<group>"; };
		889EFCDB201802C700289DEF /* VNTankView.xib */ = {isa = PBXFileReference; fileEncoding = 4; lastKnownFileType = file.xib; path = VNTankView.xib; sourceTree = "<group>"; };
		889EFCDD2019423300289DEF /* Settings.bundle */ = {isa = PBXFileReference; lastKnownFileType = "wrapper.plug-in"; path = Settings.bundle; sourceTree = "<group>"; };
		889EFCDF201948A200289DEF /* SettingsBundleHelper.swift */ = {isa = PBXFileReference; lastKnownFileType = sourcecode.swift; path = SettingsBundleHelper.swift; sourceTree = "<group>"; };
		88BD00E82025107E000317EC /* MemoryObservation.swift */ = {isa = PBXFileReference; lastKnownFileType = sourcecode.swift; path = MemoryObservation.swift; sourceTree = "<group>"; };
		88BD00EA20251731000317EC /* DatabaseManagerProtocol.swift */ = {isa = PBXFileReference; lastKnownFileType = sourcecode.swift; path = DatabaseManagerProtocol.swift; sourceTree = "<group>"; };
		88BD00EC20252BA8000317EC /* Test.swift */ = {isa = PBXFileReference; lastKnownFileType = sourcecode.swift; path = Test.swift; sourceTree = "<group>"; };
		88BD00EE2028EA45000317EC /* UnsentFeaturesManager.swift */ = {isa = PBXFileReference; lastKnownFileType = sourcecode.swift; path = UnsentFeaturesManager.swift; sourceTree = "<group>"; };
		88F7EBE6201BBE9000C9BD5F /* Crashlytics.framework */ = {isa = PBXFileReference; lastKnownFileType = wrapper.framework; path = Crashlytics.framework; sourceTree = "<group>"; };
		88F7EBE7201BBE9000C9BD5F /* Fabric.framework */ = {isa = PBXFileReference; lastKnownFileType = wrapper.framework; path = Fabric.framework; sourceTree = "<group>"; };
		88F7EBEB20213EE900C9BD5F /* ArcGIS.bundle */ = {isa = PBXFileReference; lastKnownFileType = "wrapper.plug-in"; path = ArcGIS.bundle; sourceTree = "<group>"; };
		88F7EBED2022235600C9BD5F /* OfflineFeaturesSender.swift */ = {isa = PBXFileReference; lastKnownFileType = sourcecode.swift; path = OfflineFeaturesSender.swift; sourceTree = "<group>"; };
		88F7EBEF202268F500C9BD5F /* FeatureServiceEditor.swift */ = {isa = PBXFileReference; lastKnownFileType = sourcecode.swift; path = FeatureServiceEditor.swift; sourceTree = "<group>"; };
/* End PBXFileReference section */

/* Begin PBXFrameworksBuildPhase section */
		889EFCA3201284FA00289DEF /* Frameworks */ = {
			isa = PBXFrameworksBuildPhase;
			buildActionMask = 2147483647;
			files = (
				88F7EBE8201BBE9000C9BD5F /* Crashlytics.framework in Frameworks */,
				88F7EBE9201BBE9000C9BD5F /* Fabric.framework in Frameworks */,
			);
			runOnlyForDeploymentPostprocessing = 0;
		};
/* End PBXFrameworksBuildPhase section */

/* Begin PBXGroup section */
		889EFC9D201284FA00289DEF = {
			isa = PBXGroup;
			children = (
				889EFCA8201284FA00289DEF /* CellSignal */,
				889EFCA7201284FA00289DEF /* Products */,
			);
			sourceTree = "<group>";
		};
		889EFCA7201284FA00289DEF /* Products */ = {
			isa = PBXGroup;
			children = (
				889EFCA6201284FA00289DEF /* CellSignal.app */,
			);
			name = Products;
			sourceTree = "<group>";
		};
		889EFCA8201284FA00289DEF /* CellSignal */ = {
			isa = PBXGroup;
			children = (
				88F7EBEB20213EE900C9BD5F /* ArcGIS.bundle */,
				88F7EBE6201BBE9000C9BD5F /* Crashlytics.framework */,
				88F7EBE7201BBE9000C9BD5F /* Fabric.framework */,
				889EFCC620165F8F00289DEF /* Database */,
				889EFCBD2012BE4B00289DEF /* LineChart */,
				889EFCA9201284FA00289DEF /* AppDelegate.swift */,
				889EFCAB201284FA00289DEF /* ViewController.swift */,
				889EFCAD201284FA00289DEF /* Main.storyboard */,
				889EFCB0201284FA00289DEF /* Assets.xcassets */,
				889EFCB2201284FA00289DEF /* LaunchScreen.storyboard */,
				889EFCB5201284FA00289DEF /* Info.plist */,
				889EFCBB2012875E00289DEF /* SignalStrength.swift */,
				889EFCC02012C7C500289DEF /* SignalObservation.swift */,
				889EFCC22016513C00289DEF /* LocationManager.swift */,
				889EFCCC2016ADFF00289DEF /* Editor.swift */,
				889EFCCE2016B3AE00289DEF /* Rechability.swift */,
				889EFCD52017A5BD00289DEF /* DeviceInformation.swift */,
				889EFCD72017FC8C00289DEF /* CustomNotification.swift */,
				889EFCDB201802C700289DEF /* VNTankView.xib */,
				889EFCD9201800C300289DEF /* VNTankView.swift */,
				889EFCDD2019423300289DEF /* Settings.bundle */,
				889EFCDF201948A200289DEF /* SettingsBundleHelper.swift */,
				88F7EBED2022235600C9BD5F /* OfflineFeaturesSender.swift */,
				88F7EBEF202268F500C9BD5F /* FeatureServiceEditor.swift */,
				8888D761202B81980053D991 /* MapViewController.swift */,
			);
			path = CellSignal;
			sourceTree = "<group>";
		};
		889EFCBD2012BE4B00289DEF /* LineChart */ = {
			isa = PBXGroup;
			children = (
				889EFCBE2012BE4B00289DEF /* LineChartCustom.swift */,
			);
			path = LineChart;
			sourceTree = "<group>";
		};
		889EFCC620165F8F00289DEF /* Database */ = {
			isa = PBXGroup;
			children = (
				889EFCC720165FB800289DEF /* SignalObservation.xcdatamodeld */,
				889EFCC420165DF200289DEF /* SqliteManager.swift */,
				88BD00E82025107E000317EC /* MemoryObservation.swift */,
				88BD00EA20251731000317EC /* DatabaseManagerProtocol.swift */,
				88BD00EC20252BA8000317EC /* Test.swift */,
				88BD00EE2028EA45000317EC /* UnsentFeaturesManager.swift */,
			);
			path = Database;
			sourceTree = "<group>";
		};
/* End PBXGroup section */

/* Begin PBXNativeTarget section */
		889EFCA5201284FA00289DEF /* CellSignal */ = {
			isa = PBXNativeTarget;
			buildConfigurationList = 889EFCB8201284FA00289DEF /* Build configuration list for PBXNativeTarget "CellSignal" */;
			buildPhases = (
				889EFCA2201284FA00289DEF /* Sources */,
				889EFCA3201284FA00289DEF /* Frameworks */,
				889EFCA4201284FA00289DEF /* Resources */,
				88F7EBEA201BC0AE00C9BD5F /* ShellScript */,
			);
			buildRules = (
			);
			dependencies = (
			);
			name = CellSignal;
			productName = CellSignal;
			productReference = 889EFCA6201284FA00289DEF /* CellSignal.app */;
			productType = "com.apple.product-type.application";
		};
/* End PBXNativeTarget section */

/* Begin PBXProject section */
		889EFC9E201284FA00289DEF /* Project object */ = {
			isa = PBXProject;
			attributes = {
				LastSwiftUpdateCheck = 0920;
				LastUpgradeCheck = 1020;
				ORGANIZATIONNAME = "Al Pascual";
				TargetAttributes = {
					889EFCA5201284FA00289DEF = {
						CreatedOnToolsVersion = 9.2;
						ProvisioningStyle = Automatic;
					};
				};
			};
			buildConfigurationList = 889EFCA1201284FA00289DEF /* Build configuration list for PBXProject "CellSignal" */;
			compatibilityVersion = "Xcode 8.0";
			developmentRegion = en;
			hasScannedForEncodings = 0;
			knownRegions = (
				en,
				Base,
			);
			mainGroup = 889EFC9D201284FA00289DEF;
			productRefGroup = 889EFCA7201284FA00289DEF /* Products */;
			projectDirPath = "";
			projectRoot = "";
			targets = (
				889EFCA5201284FA00289DEF /* CellSignal */,
			);
		};
/* End PBXProject section */

/* Begin PBXResourcesBuildPhase section */
		889EFCA4201284FA00289DEF /* Resources */ = {
			isa = PBXResourcesBuildPhase;
			buildActionMask = 2147483647;
			files = (
				88F7EBEC20213EEA00C9BD5F /* ArcGIS.bundle in Resources */,
				889EFCDC201802C700289DEF /* VNTankView.xib in Resources */,
				889EFCB4201284FA00289DEF /* LaunchScreen.storyboard in Resources */,
				889EFCDE2019423300289DEF /* Settings.bundle in Resources */,
				889EFCB1201284FA00289DEF /* Assets.xcassets in Resources */,
				889EFCAF201284FA00289DEF /* Main.storyboard in Resources */,
			);
			runOnlyForDeploymentPostprocessing = 0;
		};
/* End PBXResourcesBuildPhase section */

/* Begin PBXShellScriptBuildPhase section */
		88F7EBEA201BC0AE00C9BD5F /* ShellScript */ = {
			isa = PBXShellScriptBuildPhase;
			buildActionMask = 2147483647;
			files = (
			);
			inputPaths = (
			);
			outputPaths = (
			);
			runOnlyForDeploymentPostprocessing = 0;
			shellPath = /bin/sh;
			shellScript = "./Fabric.framework/run 094b465842b7b5f5167ec060a1d5e458906c4f84 ddaed5ef1db6209149784bd3d90e39d83caa61959c20b17189868dd80e9d7c9a\n";
		};
/* End PBXShellScriptBuildPhase section */

/* Begin PBXSourcesBuildPhase section */
		889EFCA2201284FA00289DEF /* Sources */ = {
			isa = PBXSourcesBuildPhase;
			buildActionMask = 2147483647;
			files = (
				889EFCE0201948A200289DEF /* SettingsBundleHelper.swift in Sources */,
				889EFCC920165FB800289DEF /* SignalObservation.xcdatamodeld in Sources */,
				889EFCBC2012875E00289DEF /* SignalStrength.swift in Sources */,
				889EFCBF2012BE4B00289DEF /* LineChartCustom.swift in Sources */,
				88BD00ED20252BA8000317EC /* Test.swift in Sources */,
				889EFCC32016513C00289DEF /* LocationManager.swift in Sources */,
				889EFCDA201800C300289DEF /* VNTankView.swift in Sources */,
				88BD00E92025107E000317EC /* MemoryObservation.swift in Sources */,
				889EFCCD2016ADFF00289DEF /* Editor.swift in Sources */,
				88F7EBEE2022235600C9BD5F /* OfflineFeaturesSender.swift in Sources */,
				889EFCC12012C7C500289DEF /* SignalObservation.swift in Sources */,
				88F7EBF0202268F500C9BD5F /* FeatureServiceEditor.swift in Sources */,
				889EFCCF2016B3AE00289DEF /* Rechability.swift in Sources */,
				8888D762202B81980053D991 /* MapViewController.swift in Sources */,
				889EFCAC201284FA00289DEF /* ViewController.swift in Sources */,
				889EFCAA201284FA00289DEF /* AppDelegate.swift in Sources */,
				88BD00EB20251731000317EC /* DatabaseManagerProtocol.swift in Sources */,
				889EFCD82017FC8C00289DEF /* CustomNotification.swift in Sources */,
				88BD00EF2028EA45000317EC /* UnsentFeaturesManager.swift in Sources */,
				889EFCD62017A5BD00289DEF /* DeviceInformation.swift in Sources */,
				889EFCC520165DF200289DEF /* SqliteManager.swift in Sources */,
			);
			runOnlyForDeploymentPostprocessing = 0;
		};
/* End PBXSourcesBuildPhase section */

/* Begin PBXVariantGroup section */
		889EFCAD201284FA00289DEF /* Main.storyboard */ = {
			isa = PBXVariantGroup;
			children = (
				889EFCAE201284FA00289DEF /* Base */,
			);
			name = Main.storyboard;
			sourceTree = "<group>";
		};
		889EFCB2201284FA00289DEF /* LaunchScreen.storyboard */ = {
			isa = PBXVariantGroup;
			children = (
				889EFCB3201284FA00289DEF /* Base */,
			);
			name = LaunchScreen.storyboard;
			sourceTree = "<group>";
		};
/* End PBXVariantGroup section */

/* Begin XCBuildConfiguration section */
		889EFCB6201284FA00289DEF /* Debug */ = {
			isa = XCBuildConfiguration;
			buildSettings = {
				ALWAYS_SEARCH_USER_PATHS = NO;
				CLANG_ANALYZER_NONNULL = YES;
				CLANG_ANALYZER_NUMBER_OBJECT_CONVERSION = YES_AGGRESSIVE;
				CLANG_CXX_LANGUAGE_STANDARD = "gnu++14";
				CLANG_CXX_LIBRARY = "libc++";
				CLANG_ENABLE_MODULES = YES;
				CLANG_ENABLE_OBJC_ARC = YES;
				CLANG_WARN_BLOCK_CAPTURE_AUTORELEASING = YES;
				CLANG_WARN_BOOL_CONVERSION = YES;
				CLANG_WARN_COMMA = YES;
				CLANG_WARN_CONSTANT_CONVERSION = YES;
				CLANG_WARN_DEPRECATED_OBJC_IMPLEMENTATIONS = YES;
				CLANG_WARN_DIRECT_OBJC_ISA_USAGE = YES_ERROR;
				CLANG_WARN_DOCUMENTATION_COMMENTS = YES;
				CLANG_WARN_EMPTY_BODY = YES;
				CLANG_WARN_ENUM_CONVERSION = YES;
				CLANG_WARN_INFINITE_RECURSION = YES;
				CLANG_WARN_INT_CONVERSION = YES;
				CLANG_WARN_NON_LITERAL_NULL_CONVERSION = YES;
				CLANG_WARN_OBJC_IMPLICIT_RETAIN_SELF = YES;
				CLANG_WARN_OBJC_LITERAL_CONVERSION = YES;
				CLANG_WARN_OBJC_ROOT_CLASS = YES_ERROR;
				CLANG_WARN_RANGE_LOOP_ANALYSIS = YES;
				CLANG_WARN_STRICT_PROTOTYPES = YES;
				CLANG_WARN_SUSPICIOUS_MOVE = YES;
				CLANG_WARN_UNGUARDED_AVAILABILITY = YES_AGGRESSIVE;
				CLANG_WARN_UNREACHABLE_CODE = YES;
				CLANG_WARN__DUPLICATE_METHOD_MATCH = YES;
				CODE_SIGN_IDENTITY = "iPhone Developer";
				COPY_PHASE_STRIP = NO;
				DEBUG_INFORMATION_FORMAT = dwarf;
				ENABLE_STRICT_OBJC_MSGSEND = YES;
				ENABLE_TESTABILITY = YES;
				GCC_C_LANGUAGE_STANDARD = gnu11;
				GCC_DYNAMIC_NO_PIC = NO;
				GCC_NO_COMMON_BLOCKS = YES;
				GCC_OPTIMIZATION_LEVEL = 0;
				GCC_PREPROCESSOR_DEFINITIONS = (
					"DEBUG=1",
					"$(inherited)",
				);
				GCC_WARN_64_TO_32_BIT_CONVERSION = YES;
				GCC_WARN_ABOUT_RETURN_TYPE = YES_ERROR;
				GCC_WARN_UNDECLARED_SELECTOR = YES;
				GCC_WARN_UNINITIALIZED_AUTOS = YES_AGGRESSIVE;
				GCC_WARN_UNUSED_FUNCTION = YES;
				GCC_WARN_UNUSED_VARIABLE = YES;
				IPHONEOS_DEPLOYMENT_TARGET = 11.2;
				MTL_ENABLE_DEBUG_INFO = YES;
				ONLY_ACTIVE_ARCH = YES;
				SDKROOT = iphoneos;
				SWIFT_ACTIVE_COMPILATION_CONDITIONS = DEBUG;
				SWIFT_OPTIMIZATION_LEVEL = "-Onone";
			};
			name = Debug;
		};
		889EFCB7201284FA00289DEF /* Release */ = {
			isa = XCBuildConfiguration;
			buildSettings = {
				ALWAYS_SEARCH_USER_PATHS = NO;
				CLANG_ANALYZER_NONNULL = YES;
				CLANG_ANALYZER_NUMBER_OBJECT_CONVERSION = YES_AGGRESSIVE;
				CLANG_CXX_LANGUAGE_STANDARD = "gnu++14";
				CLANG_CXX_LIBRARY = "libc++";
				CLANG_ENABLE_MODULES = YES;
				CLANG_ENABLE_OBJC_ARC = YES;
				CLANG_WARN_BLOCK_CAPTURE_AUTORELEASING = YES;
				CLANG_WARN_BOOL_CONVERSION = YES;
				CLANG_WARN_COMMA = YES;
				CLANG_WARN_CONSTANT_CONVERSION = YES;
				CLANG_WARN_DEPRECATED_OBJC_IMPLEMENTATIONS = YES;
				CLANG_WARN_DIRECT_OBJC_ISA_USAGE = YES_ERROR;
				CLANG_WARN_DOCUMENTATION_COMMENTS = YES;
				CLANG_WARN_EMPTY_BODY = YES;
				CLANG_WARN_ENUM_CONVERSION = YES;
				CLANG_WARN_INFINITE_RECURSION = YES;
				CLANG_WARN_INT_CONVERSION = YES;
				CLANG_WARN_NON_LITERAL_NULL_CONVERSION = YES;
				CLANG_WARN_OBJC_IMPLICIT_RETAIN_SELF = YES;
				CLANG_WARN_OBJC_LITERAL_CONVERSION = YES;
				CLANG_WARN_OBJC_ROOT_CLASS = YES_ERROR;
				CLANG_WARN_RANGE_LOOP_ANALYSIS = YES;
				CLANG_WARN_STRICT_PROTOTYPES = YES;
				CLANG_WARN_SUSPICIOUS_MOVE = YES;
				CLANG_WARN_UNGUARDED_AVAILABILITY = YES_AGGRESSIVE;
				CLANG_WARN_UNREACHABLE_CODE = YES;
				CLANG_WARN__DUPLICATE_METHOD_MATCH = YES;
				CODE_SIGN_IDENTITY = "iPhone Developer";
				COPY_PHASE_STRIP = NO;
				DEBUG_INFORMATION_FORMAT = "dwarf-with-dsym";
				ENABLE_NS_ASSERTIONS = NO;
				ENABLE_STRICT_OBJC_MSGSEND = YES;
				GCC_C_LANGUAGE_STANDARD = gnu11;
				GCC_NO_COMMON_BLOCKS = YES;
				GCC_WARN_64_TO_32_BIT_CONVERSION = YES;
				GCC_WARN_ABOUT_RETURN_TYPE = YES_ERROR;
				GCC_WARN_UNDECLARED_SELECTOR = YES;
				GCC_WARN_UNINITIALIZED_AUTOS = YES_AGGRESSIVE;
				GCC_WARN_UNUSED_FUNCTION = YES;
				GCC_WARN_UNUSED_VARIABLE = YES;
				IPHONEOS_DEPLOYMENT_TARGET = 11.2;
				MTL_ENABLE_DEBUG_INFO = NO;
				SDKROOT = iphoneos;
				SWIFT_OPTIMIZATION_LEVEL = "-Owholemodule";
				VALIDATE_PRODUCT = YES;
			};
			name = Release;
		};
		889EFCB9201284FA00289DEF /* Debug */ = {
			isa = XCBuildConfiguration;
			buildSettings = {
				ASSETCATALOG_COMPILER_APPICON_NAME = AppIcon;
				CODE_SIGN_IDENTITY = "iPhone Developer";
				"CODE_SIGN_IDENTITY[sdk=iphoneos*]" = "iPhone Developer";
				CODE_SIGN_STYLE = Automatic;
				DEVELOPMENT_TEAM = RC7783J5Y3;
				FRAMEWORK_SEARCH_PATHS = (
					"$(HOME)/Library/SDKs/ArcGIS/iOS/Frameworks/Static",
					"$(PROJECT_DIR)/CellSignal",
				);
				INFOPLIST_FILE = CellSignal/Info.plist;
				LD_RUNPATH_SEARCH_PATHS = "$(inherited) @executable_path/Frameworks";
				OTHER_LDFLAGS = (
					"-ObjC",
					"-framework",
					ArcGIS,
					"-l",
					"c++",
				);
				PRODUCT_BUNDLE_IDENTIFIER = com.esri.apl.CellSignal4;
				PRODUCT_NAME = "$(TARGET_NAME)";
				PROVISIONING_PROFILE = "";
				PROVISIONING_PROFILE_SPECIFIER = "";
				SWIFT_VERSION = 4.0;
				TARGETED_DEVICE_FAMILY = 1;
			};
			name = Debug;
		};
		889EFCBA201284FA00289DEF /* Release */ = {
			isa = XCBuildConfiguration;
			buildSettings = {
				ASSETCATALOG_COMPILER_APPICON_NAME = AppIcon;
				CODE_SIGN_IDENTITY = "iPhone Developer";
				"CODE_SIGN_IDENTITY[sdk=iphoneos*]" = "iPhone Developer";
				CODE_SIGN_STYLE = Automatic;
				DEVELOPMENT_TEAM = RC7783J5Y3;
				FRAMEWORK_SEARCH_PATHS = (
					"$(HOME)/Library/SDKs/ArcGIS/iOS/Frameworks/Static",
					"$(PROJECT_DIR)/CellSignal",
				);
				INFOPLIST_FILE = CellSignal/Info.plist;
				LD_RUNPATH_SEARCH_PATHS = "$(inherited) @executable_path/Frameworks";
				OTHER_LDFLAGS = (
					"-ObjC",
					"-framework",
					ArcGIS,
					"-l",
					"c++",
				);
				PRODUCT_BUNDLE_IDENTIFIER = com.esri.apl.CellSignal4;
				PRODUCT_NAME = "$(TARGET_NAME)";
				PROVISIONING_PROFILE = "";
				PROVISIONING_PROFILE_SPECIFIER = "";
				SWIFT_VERSION = 4.0;
				TARGETED_DEVICE_FAMILY = 1;
			};
			name = Release;
		};
/* End XCBuildConfiguration section */

/* Begin XCConfigurationList section */
		889EFCA1201284FA00289DEF /* Build configuration list for PBXProject "CellSignal" */ = {
			isa = XCConfigurationList;
			buildConfigurations = (
				889EFCB6201284FA00289DEF /* Debug */,
				889EFCB7201284FA00289DEF /* Release */,
			);
			defaultConfigurationIsVisible = 0;
			defaultConfigurationName = Release;
		};
		889EFCB8201284FA00289DEF /* Build configuration list for PBXNativeTarget "CellSignal" */ = {
			isa = XCConfigurationList;
			buildConfigurations = (
				889EFCB9201284FA00289DEF /* Debug */,
				889EFCBA201284FA00289DEF /* Release */,
			);
			defaultConfigurationIsVisible = 0;
			defaultConfigurationName = Release;
		};
/* End XCConfigurationList section */

/* Begin XCVersionGroup section */
		889EFCC720165FB800289DEF /* SignalObservation.xcdatamodeld */ = {
			isa = XCVersionGroup;
			children = (
				889EFCC820165FB800289DEF /* SignalObservation.xcdatamodel */,
			);
			currentVersion = 889EFCC820165FB800289DEF /* SignalObservation.xcdatamodel */;
			path = SignalObservation.xcdatamodeld;
			sourceTree = "<group>";
			versionGroupType = wrapper.xcdatamodel;
		};
/* End XCVersionGroup section */
	};
	rootObject = 889EFC9E201284FA00289DEF /* Project object */;
}
